
Microsoft Visual Studio Solution File, Format Version 12.00
# Visual Studio Version 17
VisualStudioVersion = 17.7.34221.43
MinimumVisualStudioVersion = 10.0.40219.1
Project("{9A19103F-16F7-4668-BE54-9A1E7A4F7556}") = "StructuriDeDate", "StructuriDeDate\StructuriDeDate.csproj", "{178CE9EB-6F2A-4CC8-A9F3-C713FD987F37}"
EndProject
Project("{9A19103F-16F7-4668-BE54-9A1E7A4F7556}") = "TesteListe", "TesteListe\TesteListe.csproj", "{7E1ADA21-2F72-4A86-AE21-0575B9339CA4}"
EndProject
Project("{FAE04EC0-301F-11D3-BF4B-00C04F79EFBC}") = "Tema", "Tema\Tema.csproj", "{098E553F-AD5B-4421-AD46-B608D56BAE63}"
EndProject
Global
	GlobalSection(SolutionConfigurationPlatforms) = preSolution
		Debug|Any CPU = Debug|Any CPU
		Release|Any CPU = Release|Any CPU
	EndGlobalSection
	GlobalSection(ProjectConfigurationPlatforms) = postSolution
		{178CE9EB-6F2A-4CC8-A9F3-C713FD987F37}.Debug|Any CPU.ActiveCfg = Debug|Any CPU
		{178CE9EB-6F2A-4CC8-A9F3-C713FD987F37}.Debug|Any CPU.Build.0 = Debug|Any CPU
		{178CE9EB-6F2A-4CC8-A9F3-C713FD987F37}.Release|Any CPU.ActiveCfg = Release|Any CPU
		{178CE9EB-6F2A-4CC8-A9F3-C713FD987F37}.Release|Any CPU.Build.0 = Release|Any CPU
		{7E1ADA21-2F72-4A86-AE21-0575B9339CA4}.Debug|Any CPU.ActiveCfg = Debug|Any CPU
		{7E1ADA21-2F72-4A86-AE21-0575B9339CA4}.Debug|Any CPU.Build.0 = Debug|Any CPU
		{7E1ADA21-2F72-4A86-AE21-0575B9339CA4}.Release|Any CPU.ActiveCfg = Release|Any CPU
		{7E1ADA21-2F72-4A86-AE21-0575B9339CA4}.Release|Any CPU.Build.0 = Release|Any CPU
		{098E553F-AD5B-4421-AD46-B608D56BAE63}.Debug|Any CPU.ActiveCfg = Debug|Any CPU
		{098E553F-AD5B-4421-AD46-B608D56BAE63}.Debug|Any CPU.Build.0 = Debug|Any CPU
		{098E553F-AD5B-4421-AD46-B608D56BAE63}.Release|Any CPU.ActiveCfg = Release|Any CPU
		{098E553F-AD5B-4421-AD46-B608D56BAE63}.Release|Any CPU.Build.0 = Release|Any CPU
	EndGlobalSection
	GlobalSection(SolutionProperties) = preSolution
		HideSolutionNode = FALSE
	EndGlobalSection
	GlobalSection(ExtensibilityGlobals) = postSolution
		SolutionGuid = {A1940C51-9B27-4D79-ACFF-4F5827A91B63}
	EndGlobalSection
EndGlobal
